<Solution>
  <Folder Name="/src/">
    <Project Path="src/MyFinance.API/MyFinance.API.csproj" />
    <Project Path="src/MyFinance.Application/MyFinance.Application.csproj" />
    <Project Path="src/MyFinance.Domain/MyFinance.Domain.csproj" />
    <Project Path="src/MyFinance.Infrastructure/MyFinance.Infrastructure.csproj" />
  </Folder>
  <Folder Name="/tests/">
    <Project Path="tests/MyFinance.Application.Tests/MyFinance.Application.Tests.csproj" />
    <Project Path="tests/MyFinance.Domain.Tests/MyFinance.Domain.Tests.csproj" />
  </Folder>
</Solution>
